
Microsoft Visual Studio Solution File, Format Version 12.00
# Visual Studio Version 17
VisualStudioVersion = 17.10.35027.167
MinimumVisualStudioVersion = 10.0.40219.1
Project("{FAE04EC0-301F-11D3-BF4B-00C04F79EFBC}") = "AlMaximoTI_RESTful", "AlMaximoTI_RESTful\AlMaximoTI_RESTful.csproj", "{C352E51D-F63D-4096-8E92-E7D9C5F20D2B}"
EndProject
Global
	GlobalSection(SolutionConfigurationPlatforms) = preSolution
		Debug|Any CPU = Debug|Any CPU
		Release|Any CPU = Release|Any CPU
	EndGlobalSection
	GlobalSection(ProjectConfigurationPlatforms) = postSolution
		{C352E51D-F63D-4096-8E92-E7D9C5F20D2B}.Debug|Any CPU.ActiveCfg = Debug|Any CPU
		{C352E51D-F63D-4096-8E92-E7D9C5F20D2B}.Debug|Any CPU.Build.0 = Debug|Any CPU
		{C352E51D-F63D-4096-8E92-E7D9C5F20D2B}.Release|Any CPU.ActiveCfg = Release|Any CPU
		{C352E51D-F63D-4096-8E92-E7D9C5F20D2B}.Release|Any CPU.Build.0 = Release|Any CPU
	EndGlobalSection
	GlobalSection(SolutionProperties) = preSolution
		HideSolutionNode = FALSE
	EndGlobalSection
	GlobalSection(ExtensibilityGlobals) = postSolution
		SolutionGuid = {601AC117-3568-4C1D-8289-E7EDB35DCD94}
	EndGlobalSection
EndGlobal
